# This lock is consumed with `pip --require-hashes` in the API Dockerfile.
# Every package and version is explicit; unlisted transitive dependencies are
# rejected. The platform-specific pydantic-core and psycopg-binary wheels target
# the current Python 3.12 / Linux ARM64 k3d cluster. Add reviewed x86_64 hashes
# in a deliberate multi-architecture image task rather than removing hash
# verification.
# Boto3 is used only by the future upload-contract helper. Its Signature V4
# calculation is entirely local: generating a presigned POST does not connect
# to MinIO or any AWS endpoint. The universal wheels below are still pinned
# with hashes so the container build cannot silently resolve a different SDK.
boto3==1.43.89 \
    --hash=sha256:fe4190afe63eb562b6ba6a3911cf4427473b35fa047adde093bf696d3ae09fc0
botocore==1.43.89 \
    --hash=sha256:d7211220c815427fe71225acc6909e4ab5dfab3b03770e72fd16cf9eb86b3d1a
annotated-doc==0.0.5 \
    --hash=sha256:117bac03a25ede5df5440e855b32d556049ca169ead221505badf432fed4b101
annotated-types==0.8.0 \
    --hash=sha256:f072f4d804ea359e4eaf198b1af7a8b0943881a87f31bb764f8bf219bb9419e0
anyio==4.15.0 \
    --hash=sha256:7ecd9937369ffce8bba0b5ccb9b3a9507b101b0ed50256aecfbab27e6c2acb99
click==8.5.0 \
    --hash=sha256:255bc9599cf7748b4b1a446ccc735421bd08a2ae529a8b88597d3de5664ee360
cffi==2.1.1 \
    --hash=sha256:68e62fe11f30d5ca8289242866f0a5291402d8529ca2178ab8afc5c9694ae890
# Cryptography 50.0.1's Linux/ARM64 wheel imports correctly but raises an
# `Illegal instruction` during RSA key generation in Docker Desktop's current
# ARM64 Linux environment. 46.0.7 was verified there with real RSA generation
# and remains fully compatible with PyJWT's RS256 verification requirement.
# Revisit this pin deliberately after Docker Desktop/its Linux VM is upgraded.
cryptography==46.0.7 \
    --hash=sha256:b36a4695e29fe69215d75960b22577197aca3f7a25b9cf9d165dcfe9d80bc325
fastapi==0.141.1 \
    --hash=sha256:bfb91aa2d334c61cb35ba9a116fc123b3d3df31640b801cf57a7a78ec3f603b3
h11==0.16.0 \
    --hash=sha256:63cf8bbe7522de3bf65932fda1d9c2772064ffb3dae62d55932da54b31cb6c86
idna==3.19 \
    --hash=sha256:815e7be7a7806d54abb586dc943addc79e8b2ee16915059658cbeff4b1b43bf4
jmespath==1.1.0 \
    --hash=sha256:a5663118de4908c91729bea0acadca56526eb2698e83de10cd116ae0f4e97c64
pydantic==2.13.5 \
    --hash=sha256:346a034f080da3755d8e9cb5e00e8b07de1d39e4f6e2c87d8ab7cafa0b269a73
pydantic-core==2.46.5 \
    --hash=sha256:4fdc8b93a41521988916eeaa271173fcca7fa0803d62f87675aac8dcec1c8e29
pycparser==3.0 \
    --hash=sha256:b727414169a36b7d524c1c3e31839a521725078d7b2ff038656844266160a992
PyJWT[crypto]==2.13.0 \
    --hash=sha256:66adcc2aff09b3f1bbd95fc1e1577df8ac8723c978552fd43304c8a290ac5728
psycopg==3.2.13 \
    --hash=sha256:a481374514f2da627157f767a9336705ebefe93ea7a0522a6cbacba165da179a
# Psycopg 3.3.5 is current but does not currently publish the matching binary
# package. Version 3.2.13 is the newest reviewed `psycopg`/`psycopg-binary`
# pair, allowing this slim image to connect without compiling or separately
# installing libpq. The hash below is the Linux ARM64 CPython 3.12 wheel.
psycopg-binary==3.2.13 \
    --hash=sha256:082579f2ae41bdabe20c82810810f3e290ac2206cccf0cb41cf36b3218f53b3c
python-dateutil==2.9.0.post0 \
    --hash=sha256:a8b2bc7bffae282281c8140a97d3aa9c14da0b136dfe83f850eea9a5f7470427
s3transfer==0.19.2 \
    --hash=sha256:d8168eccca828cbb2cd573675333f3bddd254313a9c42494b84c76b539e8ba25
six==1.17.0 \
    --hash=sha256:4721f391ed90541fddacab5acf947aa0d3dc7d27b2e1e8eda2be8970586c3274
starlette==1.6.0 \
    --hash=sha256:a86dd39d14bb45f85a3d18525215a9ef0cfd1f192ac793220e72598c90335f0c
typing-extensions==4.16.0 \
    --hash=sha256:481caa481374e813c1b176ada14e97f1f67a4539ce9cfeb3f350d78d6370c2e8
typing-inspection==0.4.4 \
    --hash=sha256:65b8397ba37ccbce054456aaccddfc91e6e3083c92824df348d96ca832f3f147
urllib3==2.7.0 \
    --hash=sha256:9fb4c81ebbb1ce9531cce37674bbc6f1360472bc18ca9a553ede278ef7276897
uvicorn==0.52.4 \
    --hash=sha256:f86e41a149d7d05a9969337e3946a9c171c06a5d42680896daaba624aeac8da1
