# This focused runtime lock supplies the future MinIO HeadObject client. It is
# intentionally limited to S3, PostgreSQL, and AMQP clients with their resolved
# dependencies; the later image task will add no packages at container start.
#
# The same reviewed versions/hashes already support the local Job API's
# presigned MinIO operations. They are universal wheels and work for the
# current Linux/ARM64 k3d profile; a future native amd64 image task must keep
# `--require-hashes` and add platform-specific hashes only if needed.
boto3==1.43.89 \
    --hash=sha256:fe4190afe63eb562b6ba6a3911cf4427473b35fa047adde093bf696d3ae09fc0
botocore==1.43.89 \
    --hash=sha256:d7211220c815427fe71225acc6909e4ab5dfab3b03770e72fd16cf9eb86b3d1a
jmespath==1.1.0 \
    --hash=sha256:a5663118de4908c91729bea0acadca56526eb2698e83de10cd116ae0f4e97c64
python-dateutil==2.9.0.post0 \
    --hash=sha256:a8b2bc7bffae282281c8140a97d3aa9c14da0b136dfe83f850eea9a5f7470427
s3transfer==0.19.2 \
    --hash=sha256:d8168eccca828cbb2cd573675333f3bddd254313a9c42494b84c76b539e8ba25
six==1.17.0 \
    --hash=sha256:4721f391ed90541fddacab5acf947aa0d3dc7d27b2e1e8eda2be8970586c3274
urllib3==2.7.0 \
    --hash=sha256:9fb4c81ebbb1ce9531cce37674bbc6f1360472bc18ca9a553ede278ef7276897
# Psycopg's binary package bundles the PostgreSQL client library, so the
# eventual slim worker image needs neither a compiler nor a system libpq.
# This hash targets the current Python 3.12/Linux ARM64 k3d environment. Keep
# hash enforcement and add a reviewed amd64 hash in a future native profile.
psycopg==3.2.13 \
    --hash=sha256:a481374514f2da627157f767a9336705ebefe93ea7a0522a6cbacba165da179a
psycopg-binary==3.2.13 \
    --hash=sha256:082579f2ae41bdabe20c82810810f3e290ac2206cccf0cb41cf36b3218f53b3c
# Psycopg imports typing_extensions at runtime on Python 3.12. Listing this
# transitive universal wheel explicitly keeps pip's hash-enforced install
# complete; an undeclared transitive dependency makes the image build fail
# closed instead of silently accepting a new package version.
typing-extensions==4.16.0 \
    --hash=sha256:481caa481374e813c1b176ada14e97f1f67a4539ce9cfeb3f350d78d6370c2e8
# Pika is a pure-Python AMQP 0-9-1 client, so its reviewed universal wheel
# works on both local arm64 and a future amd64 Linux image without a compiler.
pika==1.4.4 \
    --hash=sha256:48de960c97a93b55db06b8be4c53eb977c9c8a2754c57cdae9097abcbd70ce04
